{
    "_meta": {
        "hash": {
            "sha256": "fa00fd770440ec44cd7c91ca65244bc55e7c13bc29b2ae56edd49e5e9d50e452"
        },
        "pipfile-spec": 6,
        "requires": {
            "python_full_version": "3.11.9",
            "python_version": "3.11"
        },
        "sources": [
            {
                "name": "pypi",
                "url": "https://pypi.org/simple",
                "verify_ssl": true
            }
        ]
    },
    "default": {
        "kafka-python": {
            "hashes": [
                "sha256:831ba6dff28144d0f1145c874d391f3ebb3c2c3e940cc78d74e83f0183497c98",
                "sha256:de65b596d26b5c894f227c35c7d29a65cea8f8a1c4f0f2b4e3e2ea60d503acc8"
            ],
            "index": "pypi",
            "version": "==2.3.0"
        },
        "pyarrow": {
            "hashes": [
                "sha256:068701f6823449b1b6469120f399a1239766b117d211c5d2519d4ed5861f75de",
                "sha256:075c29aeaa685fd1182992a9ed2499c66f084ee54eea47da3eb76e125e06064c",
                "sha256:0800cc58a6d17d159df823f87ad66cefebf105b982493d4bad03ee7fab84b993",
                "sha256:14de7d48052cf4b0ed174533eafa3cfe0711b8076ad70bede32cf59f744f0d7c",
                "sha256:15a414f710dc927132dd67c361f78c194447479555af57317066ee5116b90e9e",
                "sha256:1675c374570d8b91ea6d4edd4608fa55951acd44e0c31bd146e091b4005de24f",
                "sha256:1801ba947015d10e23bca9dd6ef5d0e9064a81569a89b6e9a63b59224fd060df",
                "sha256:180e3150e7edfcd182d3d9afba72f7cf19839a497cc76555a8dce998a8f67615",
                "sha256:18ec84e839b493c3886b9b5e06861962ab4adfaeb79b81c76afbd8d84c7d5fda",
                "sha256:1a9ff6fa4141c24a03a1a434c63c8fa97ce70f8f36bccabc18ebba905ddf0f17",
                "sha256:20b187ed9550d233a872074159f765f52f9d92973191cd4b93f293a19efbe377",
                "sha256:247374428fde4f668f138b04031a7e7077ba5fa0b5b1722fdf89a017bf0b7ee0",
                "sha256:2ef0075c2488932e9d3c2eb3482f9459c4be629aa673b725d5e3cf18f777f8e4",
                "sha256:36d1b5bc6ddcaff0083ceec7e2561ed61a51f49cce8be079ee8ed406acb6fdef",
                "sha256:3a7c68c722da9bb5b0f8c10e3eae71d9825a4b429b40b32709df5d1fa55beb3d",
                "sha256:3e0d2e6915eca7d786be6a77bf227fbc06d825a75b5b5fe9bcbef121dec32685",
                "sha256:4222ff8f76919ecf6c716175a0e5fddb5599faeed4c56d9ea41a2c42be4998b2",
                "sha256:427deac1f535830a744a4f04a6ac183a64fcac4341b3f618e693c41b7b98d2b0",
                "sha256:4292b889cd224f403304ddda8b63a36e60f92911f89927ec8d98021845ea21be",
                "sha256:4b317ea6e800b5704e5e5929acb6e2dc13e9276b708ea97a39eb8b345aa2658b",
                "sha256:4d38c836930ce15cd31dce20114b21ba082da231c884bdc0a7b53e1477fe7f07",
                "sha256:4d85cb6177198f3812db4788e394b757223f60d9a9f5ad6634b3e32be1525803",
                "sha256:52265266201ec25b6839bf6bd4ea918ca6d50f31d13e1cf200b4261cd11dc25c",
                "sha256:54810f6e6afc4ffee7c2e0051b61722fbea9a4961b46192dcfae8ea12fa09059",
                "sha256:5574d541923efcbfdf1294a2746ae3b8c2498a2dc6cd477882f6f4e7b1ac08d3",
                "sha256:5961a9f646c232697c24f54d3419e69b4261ba8a8b66b0ac54a1851faffcbab8",
                "sha256:5b86bb649e4112fb0614294b7d0a175c7513738876b89655605ebb87c804f861",
                "sha256:632b3e7c3d232f41d64e1a4a043fb82d44f8a349f339a1188c6a0dd9d2d47d8a",
                "sha256:65666fc269669af1ef1c14478c52222a2aa5c907f28b68fb50a203c777e4f60c",
                "sha256:76242c846db1411f1d6c2cc3823be6b86b40567ee24493344f8226ba34a81333",
                "sha256:799965a5379589510d888be3094c2296efd186a17ca1cef5b77703d4d5121f53",
                "sha256:7a7d067c9a88faca655c71bcc30ee2782038d59c802d57950826a07f60d83c4c",
                "sha256:832141cc09fac6aab1cd3719951d23301396968de87080c57c9a7634e0ecd068",
                "sha256:84839d060a54ae734eb60a756aeacb62885244aaa282f3c968f5972ecc7b1ecc",
                "sha256:87f06159cbe38125852657716889296c83c37b4d09a5e58f3d10245fd1f69795",
                "sha256:a149a647dbfe928ce8830a713612aa0b16e22c64feac9d1761529778e4d4eaa5",
                "sha256:a244279f240c81f135631be91146d7fa0e9e840e1dfed2aba8483eba25cd98e6",
                "sha256:ad96a597547af7827342ffb3c503c8316e5043bb09b47a84885ce39394c96e00",
                "sha256:ae7f30f898dfe44ea69654a35c93e8da4cef6606dc4c72394068fd95f8e9f54a",
                "sha256:b73519f8b52ae28127000986bf228fda781e81d3095cd2d3ece76eb5cf760e1b",
                "sha256:b9edf990df77c2901e79608f08c13fbde60202334a4fcadb15c1f57bf7afee43",
                "sha256:bd5556c24622df90551063ea41f559b714aa63ca953db884cfb958559087a14e",
                "sha256:c4692e83e42438dba512a570c6eaa42be2f8b6c0f492aea27dec54bdc495103a",
                "sha256:cbdc2bf5947aa4d462adcf8453cf04aee2f7932653cb67a27acd96e5e8528a67",
                "sha256:ce9486e0535a843cf85d990e2ec5820a47918235183a5c7b8b97ed7e92c2d47d",
                "sha256:de53b1bd3b88a2ee93c9af412c903e57e738c083be4f6392288294513cd8b2c1",
                "sha256:dfd9e133e60eaa847fd80530a1b89a052f09f695d0b9c34c235ea6b2e0924cf7",
                "sha256:e438dd3f33894e34fd02b26bd12a32d30d006f5852315f611aa4add6c7fab4bc",
                "sha256:ebc017d765d71d80a3f8584ca0566b53e40464586585ac64176115baa0ada7d3",
                "sha256:ef7cac8fe6fccd8b9e7617bfac785b0371a7fe26af59463074e4882747145d40"
            ],
            "index": "pypi",
            "markers": "python_version >= '3.10'",
            "version": "==23.0.0"
        }
    },
    "develop": {
        "iniconfig": {
            "hashes": [
                "sha256:c76315c77db068650d49c5b56314774a7804df16fee4402c1f19d6d15d8c4730",
                "sha256:f631c04d2c48c52b84d0d0549c99ff3859c98df65b3101406327ecc7d53fbf12"
            ],
            "markers": "python_version >= '3.10'",
            "version": "==2.3.0"
        },
        "packaging": {
            "hashes": [
                "sha256:00243ae351a257117b6a241061796684b084ed1c516a08c48a3f7e147a9d80b4",
                "sha256:b36f1fef9334a5588b4166f8bcd26a14e521f2b55e6b9de3aaa80d3ff7a37529"
            ],
            "markers": "python_version >= '3.8'",
            "version": "==26.0"
        },
        "pluggy": {
            "hashes": [
                "sha256:7dcc130b76258d33b90f61b658791dede3486c3e6bfb003ee5c9bfb396dd22f3",
                "sha256:e920276dd6813095e9377c0bc5566d94c932c33b27a3e3945d8389c374dd4746"
            ],
            "markers": "python_version >= '3.9'",
            "version": "==1.6.0"
        },
        "pyarrow": {
            "hashes": [
                "sha256:068701f6823449b1b6469120f399a1239766b117d211c5d2519d4ed5861f75de",
                "sha256:075c29aeaa685fd1182992a9ed2499c66f084ee54eea47da3eb76e125e06064c",
                "sha256:0800cc58a6d17d159df823f87ad66cefebf105b982493d4bad03ee7fab84b993",
                "sha256:14de7d48052cf4b0ed174533eafa3cfe0711b8076ad70bede32cf59f744f0d7c",
                "sha256:15a414f710dc927132dd67c361f78c194447479555af57317066ee5116b90e9e",
                "sha256:1675c374570d8b91ea6d4edd4608fa55951acd44e0c31bd146e091b4005de24f",
                "sha256:1801ba947015d10e23bca9dd6ef5d0e9064a81569a89b6e9a63b59224fd060df",
                "sha256:180e3150e7edfcd182d3d9afba72f7cf19839a497cc76555a8dce998a8f67615",
                "sha256:18ec84e839b493c3886b9b5e06861962ab4adfaeb79b81c76afbd8d84c7d5fda",
                "sha256:1a9ff6fa4141c24a03a1a434c63c8fa97ce70f8f36bccabc18ebba905ddf0f17",
                "sha256:20b187ed9550d233a872074159f765f52f9d92973191cd4b93f293a19efbe377",
                "sha256:247374428fde4f668f138b04031a7e7077ba5fa0b5b1722fdf89a017bf0b7ee0",
                "sha256:2ef0075c2488932e9d3c2eb3482f9459c4be629aa673b725d5e3cf18f777f8e4",
                "sha256:36d1b5bc6ddcaff0083ceec7e2561ed61a51f49cce8be079ee8ed406acb6fdef",
                "sha256:3a7c68c722da9bb5b0f8c10e3eae71d9825a4b429b40b32709df5d1fa55beb3d",
                "sha256:3e0d2e6915eca7d786be6a77bf227fbc06d825a75b5b5fe9bcbef121dec32685",
                "sha256:4222ff8f76919ecf6c716175a0e5fddb5599faeed4c56d9ea41a2c42be4998b2",
                "sha256:427deac1f535830a744a4f04a6ac183a64fcac4341b3f618e693c41b7b98d2b0",
                "sha256:4292b889cd224f403304ddda8b63a36e60f92911f89927ec8d98021845ea21be",
                "sha256:4b317ea6e800b5704e5e5929acb6e2dc13e9276b708ea97a39eb8b345aa2658b",
                "sha256:4d38c836930ce15cd31dce20114b21ba082da231c884bdc0a7b53e1477fe7f07",
                "sha256:4d85cb6177198f3812db4788e394b757223f60d9a9f5ad6634b3e32be1525803",
                "sha256:52265266201ec25b6839bf6bd4ea918ca6d50f31d13e1cf200b4261cd11dc25c",
                "sha256:54810f6e6afc4ffee7c2e0051b61722fbea9a4961b46192dcfae8ea12fa09059",
                "sha256:5574d541923efcbfdf1294a2746ae3b8c2498a2dc6cd477882f6f4e7b1ac08d3",
                "sha256:5961a9f646c232697c24f54d3419e69b4261ba8a8b66b0ac54a1851faffcbab8",
                "sha256:5b86bb649e4112fb0614294b7d0a175c7513738876b89655605ebb87c804f861",
                "sha256:632b3e7c3d232f41d64e1a4a043fb82d44f8a349f339a1188c6a0dd9d2d47d8a",
                "sha256:65666fc269669af1ef1c14478c52222a2aa5c907f28b68fb50a203c777e4f60c",
                "sha256:76242c846db1411f1d6c2cc3823be6b86b40567ee24493344f8226ba34a81333",
                "sha256:799965a5379589510d888be3094c2296efd186a17ca1cef5b77703d4d5121f53",
                "sha256:7a7d067c9a88faca655c71bcc30ee2782038d59c802d57950826a07f60d83c4c",
                "sha256:832141cc09fac6aab1cd3719951d23301396968de87080c57c9a7634e0ecd068",
                "sha256:84839d060a54ae734eb60a756aeacb62885244aaa282f3c968f5972ecc7b1ecc",
                "sha256:87f06159cbe38125852657716889296c83c37b4d09a5e58f3d10245fd1f69795",
                "sha256:a149a647dbfe928ce8830a713612aa0b16e22c64feac9d1761529778e4d4eaa5",
                "sha256:a244279f240c81f135631be91146d7fa0e9e840e1dfed2aba8483eba25cd98e6",
                "sha256:ad96a597547af7827342ffb3c503c8316e5043bb09b47a84885ce39394c96e00",
                "sha256:ae7f30f898dfe44ea69654a35c93e8da4cef6606dc4c72394068fd95f8e9f54a",
                "sha256:b73519f8b52ae28127000986bf228fda781e81d3095cd2d3ece76eb5cf760e1b",
                "sha256:b9edf990df77c2901e79608f08c13fbde60202334a4fcadb15c1f57bf7afee43",
                "sha256:bd5556c24622df90551063ea41f559b714aa63ca953db884cfb958559087a14e",
                "sha256:c4692e83e42438dba512a570c6eaa42be2f8b6c0f492aea27dec54bdc495103a",
                "sha256:cbdc2bf5947aa4d462adcf8453cf04aee2f7932653cb67a27acd96e5e8528a67",
                "sha256:ce9486e0535a843cf85d990e2ec5820a47918235183a5c7b8b97ed7e92c2d47d",
                "sha256:de53b1bd3b88a2ee93c9af412c903e57e738c083be4f6392288294513cd8b2c1",
                "sha256:dfd9e133e60eaa847fd80530a1b89a052f09f695d0b9c34c235ea6b2e0924cf7",
                "sha256:e438dd3f33894e34fd02b26bd12a32d30d006f5852315f611aa4add6c7fab4bc",
                "sha256:ebc017d765d71d80a3f8584ca0566b53e40464586585ac64176115baa0ada7d3",
                "sha256:ef7cac8fe6fccd8b9e7617bfac785b0371a7fe26af59463074e4882747145d40"
            ],
            "index": "pypi",
            "markers": "python_version >= '3.10'",
            "version": "==23.0.0"
        },
        "pygments": {
            "hashes": [
                "sha256:636cb2477cec7f8952536970bc533bc43743542f70392ae026374600add5b887",
                "sha256:86540386c03d588bb81d44bc3928634ff26449851e99741617ecb9037ee5ec0b"
            ],
            "markers": "python_version >= '3.8'",
            "version": "==2.19.2"
        },
        "pytest": {
            "hashes": [
                "sha256:711ffd45bf766d5264d487b917733b453d917afd2b0ad65223959f59089f875b",
                "sha256:75186651a92bd89611d1d9fc20f0b4345fd827c41ccd5c299a868a05d70edf11"
            ],
            "index": "pypi",
            "markers": "python_version >= '3.10'",
            "version": "==9.0.2"
        }
    }
}
